// !$*UTF8*$!
{
	archiveVersion = 1;
	classes = {
	};
	objectVersion = 46;
	objects = {

/* Begin PBXBuildFile section */
		E61146471C2CD25000CF0391 /* PickCityViewController.m in Sources */ = {isa = PBXBuildFile; fileRef = E61146461C2CD25000CF0391 /* PickCityViewController.m */; };
		E61146491C2CD45900CF0391 /* inLandCityGroup.plist in Resources */ = {isa = PBXBuildFile; fileRef = E61146481C2CD45900CF0391 /* inLandCityGroup.plist */; };
		E611464D1C2CD6C200CF0391 /* SectionHeaderView.m in Sources */ = {isa = PBXBuildFile; fileRef = E611464C1C2CD6C200CF0391 /* SectionHeaderView.m */; };
		E61146541C2CE39600CF0391 /* CityIndexCell.m in Sources */ = {isa = PBXBuildFile; fileRef = E61146531C2CE39600CF0391 /* CityIndexCell.m */; };
		E61146571C2CEA2800CF0391 /* LYCityHandler.m in Sources */ = {isa = PBXBuildFile; fileRef = E61146561C2CEA2800CF0391 /* LYCityHandler.m */; };
		E611465A1C2D15F400CF0391 /* YLYTableViewIndexView.m in Sources */ = {isa = PBXBuildFile; fileRef = E61146591C2D15F400CF0391 /* YLYTableViewIndexView.m */; };
		E611465F1C2D1C3400CF0391 /* flotageBackgroud@2x.png in Resources */ = {isa = PBXBuildFile; fileRef = E611465E1C2D1C3400CF0391 /* flotageBackgroud@2x.png */; };
		E61146611C2D220400CF0391 /* outLandCityGroup.plist in Resources */ = {isa = PBXBuildFile; fileRef = E61146601C2D220400CF0391 /* outLandCityGroup.plist */; };
		E61146641C2D2EE900CF0391 /* ChinaCityHeadView.m in Sources */ = {isa = PBXBuildFile; fileRef = E61146631C2D2EE900CF0391 /* ChinaCityHeadView.m */; };
		E61146671C2D31AE00CF0391 /* HotCityModel.m in Sources */ = {isa = PBXBuildFile; fileRef = E61146661C2D31AE00CF0391 /* HotCityModel.m */; };
		E611AAA51C2A31D500A1107C /* tabbar_contacts@2x.png in Resources */ = {isa = PBXBuildFile; fileRef = E611AA951C2A31D500A1107C /* tabbar_contacts@2x.png */; };
		E611AAA61C2A31D500A1107C /* tabbar_contacts@3x.png in Resources */ = {isa = PBXBuildFile; fileRef = E611AA961C2A31D500A1107C /* tabbar_contacts@3x.png */; };
		E611AAA71C2A31D500A1107C /* tabbar_contactsHL@2x.png in Resources */ = {isa = PBXBuildFile; fileRef = E611AA971C2A31D500A1107C /* tabbar_contactsHL@2x.png */; };
		E611AAA81C2A31D500A1107C /* tabbar_contactsHL@3x.png in Resources */ = {isa = PBXBuildFile; fileRef = E611AA981C2A31D500A1107C /* tabbar_contactsHL@3x.png */; };
		E611AAA91C2A31D500A1107C /* tabbar_discover@2x.png in Resources */ = {isa = PBXBuildFile; fileRef = E611AA991C2A31D500A1107C /* tabbar_discover@2x.png */; };
		E611AAAA1C2A31D500A1107C /* tabbar_discover@3x.png in Resources */ = {isa = PBXBuildFile; fileRef = E611AA9A1C2A31D500A1107C /* tabbar_discover@3x.png */; };
		E611AAAB1C2A31D500A1107C /* tabbar_discoverHL@2x.png in Resources */ = {isa = PBXBuildFile; fileRef = E611AA9B1C2A31D500A1107C /* tabbar_discoverHL@2x.png */; };
		E611AAAC1C2A31D500A1107C /* tabbar_discoverHL@3x.png in Resources */ = {isa = PBXBuildFile; fileRef = E611AA9C1C2A31D500A1107C /* tabbar_discoverHL@3x.png */; };
		E611AAAD1C2A31D500A1107C /* tabbar_mainframe@2x.png in Resources */ = {isa = PBXBuildFile; fileRef = E611AA9D1C2A31D500A1107C /* tabbar_mainframe@2x.png */; };
		E611AAAE1C2A31D500A1107C /* tabbar_mainframe@3x.png in Resources */ = {isa = PBXBuildFile; fileRef = E611AA9E1C2A31D500A1107C /* tabbar_mainframe@3x.png */; };
		E611AAAF1C2A31D500A1107C /* tabbar_mainframeHL@2x.png in Resources */ = {isa = PBXBuildFile; fileRef = E611AA9F1C2A31D500A1107C /* tabbar_mainframeHL@2x.png */; };
		E611AAB01C2A31D500A1107C /* tabbar_mainframeHL@3x.png in Resources */ = {isa = PBXBuildFile; fileRef = E611AAA01C2A31D500A1107C /* tabbar_mainframeHL@3x.png */; };
		E611AAB11C2A31D500A1107C /* tabbar_me@2x.png in Resources */ = {isa = PBXBuildFile; fileRef = E611AAA11C2A31D500A1107C /* tabbar_me@2x.png */; };
		E611AAB21C2A31D500A1107C /* tabbar_me@3x.png in Resources */ = {isa = PBXBuildFile; fileRef = E611AAA21C2A31D500A1107C /* tabbar_me@3x.png */; };
		E611AAB31C2A31D500A1107C /* tabbar_meHL@2x.png in Resources */ = {isa = PBXBuildFile; fileRef = E611AAA31C2A31D500A1107C /* tabbar_meHL@2x.png */; };
		E611AAB41C2A31D500A1107C /* tabbar_meHL@3x.png in Resources */ = {isa = PBXBuildFile; fileRef = E611AAA41C2A31D500A1107C /* tabbar_meHL@3x.png */; };
		E611AACC1C2A362D00A1107C /* LDRefreshFooterView.m in Sources */ = {isa = PBXBuildFile; fileRef = E611AAC51C2A362D00A1107C /* LDRefreshFooterView.m */; };
		E611AACD1C2A362D00A1107C /* LDRefreshHeaderView.m in Sources */ = {isa = PBXBuildFile; fileRef = E611AAC71C2A362D00A1107C /* LDRefreshHeaderView.m */; };
		E611AACE1C2A362D00A1107C /* tableview_pull_refresh@2x.png in Resources */ = {isa = PBXBuildFile; fileRef = E611AAC81C2A362D00A1107C /* tableview_pull_refresh@2x.png */; };
		E611AACF1C2A362D00A1107C /* tableview_pull_refresh@3x.png in Resources */ = {isa = PBXBuildFile; fileRef = E611AAC91C2A362D00A1107C /* tableview_pull_refresh@3x.png */; };
		E611AAD01C2A362D00A1107C /* UIScrollView+LDRefresh.m in Sources */ = {isa = PBXBuildFile; fileRef = E611AACB1C2A362D00A1107C /* UIScrollView+LDRefresh.m */; };
		E64A13BC1C2A7BF500AC0750 /* RecommendModel.m in Sources */ = {isa = PBXBuildFile; fileRef = E64A13BB1C2A7BF500AC0750 /* RecommendModel.m */; };
		E64A13BF1C2A7D1B00AC0750 /* ActivityOwnerModel.m in Sources */ = {isa = PBXBuildFile; fileRef = E64A13BE1C2A7D1B00AC0750 /* ActivityOwnerModel.m */; };
		E64A13C31C2A8BF700AC0750 /* HotActivityCell.m in Sources */ = {isa = PBXBuildFile; fileRef = E64A13C21C2A8BF700AC0750 /* HotActivityCell.m */; };
		E64A13C61C2A918C00AC0750 /* AppTools.m in Sources */ = {isa = PBXBuildFile; fileRef = E64A13C51C2A918C00AC0750 /* AppTools.m */; };
		E697A47A1C2A3F7D0039A839 /* HttpTools.m in Sources */ = {isa = PBXBuildFile; fileRef = E697A4791C2A3F7D0039A839 /* HttpTools.m */; };
		E697A47D1C2A3FA80039A839 /* RecommendHttpTool.m in Sources */ = {isa = PBXBuildFile; fileRef = E697A47C1C2A3FA80039A839 /* RecommendHttpTool.m */; };
		E697A48A1C2A72280039A839 /* SVIndefiniteAnimatedView.m in Sources */ = {isa = PBXBuildFile; fileRef = E697A4821C2A72280039A839 /* SVIndefiniteAnimatedView.m */; };
		E697A48B1C2A72280039A839 /* SVProgressHUD.bundle in Resources */ = {isa = PBXBuildFile; fileRef = E697A4831C2A72280039A839 /* SVProgressHUD.bundle */; };
		E697A48C1C2A72280039A839 /* SVProgressHUD.m in Sources */ = {isa = PBXBuildFile; fileRef = E697A4851C2A72280039A839 /* SVProgressHUD.m */; };
		E697A48D1C2A72280039A839 /* SVProgressHUDManager.m in Sources */ = {isa = PBXBuildFile; fileRef = E697A4871C2A72280039A839 /* SVProgressHUDManager.m */; };
		E697A48E1C2A72280039A839 /* SVRadialGradientLayer.m in Sources */ = {isa = PBXBuildFile; fileRef = E697A4891C2A72280039A839 /* SVRadialGradientLayer.m */; };
		E6E2B3B41C2942F4003F2C4B /* main.m in Sources */ = {isa = PBXBuildFile; fileRef = E6E2B3B31C2942F4003F2C4B /* main.m */; };
		E6E2B3BF1C2942F4003F2C4B /* Assets.xcassets in Resources */ = {isa = PBXBuildFile; fileRef = E6E2B3BE1C2942F4003F2C4B /* Assets.xcassets */; };
		E6E2B3C21C2942F4003F2C4B /* LaunchScreen.storyboard in Resources */ = {isa = PBXBuildFile; fileRef = E6E2B3C01C2942F4003F2C4B /* LaunchScreen.storyboard */; };
		E6E2B3CD1C2942F5003F2C4B /* DoubanWorldsTests.m in Sources */ = {isa = PBXBuildFile; fileRef = E6E2B3CC1C2942F5003F2C4B /* DoubanWorldsTests.m */; };
		E6E2B3D81C2942F5003F2C4B /* DoubanWorldsUITests.m in Sources */ = {isa = PBXBuildFile; fileRef = E6E2B3D71C2942F5003F2C4B /* DoubanWorldsUITests.m */; };
		E6E2B3FF1C2943F5003F2C4B /* MainNavgationController.m in Sources */ = {isa = PBXBuildFile; fileRef = E6E2B3F81C2943F5003F2C4B /* MainNavgationController.m */; };
		E6E2B4001C2943F5003F2C4B /* MainTabbarController.m in Sources */ = {isa = PBXBuildFile; fileRef = E6E2B3FA1C2943F5003F2C4B /* MainTabbarController.m */; };
		E6E2B4181C294582003F2C4B /* MeViewController.m in Sources */ = {isa = PBXBuildFile; fileRef = E6E2B4171C294582003F2C4B /* MeViewController.m */; };
		E6E2B41B1C294597003F2C4B /* NearbyViewController.m in Sources */ = {isa = PBXBuildFile; fileRef = E6E2B41A1C294597003F2C4B /* NearbyViewController.m */; };
		E6E2B41E1C2945A3003F2C4B /* RecommendViewController.m in Sources */ = {isa = PBXBuildFile; fileRef = E6E2B41D1C2945A3003F2C4B /* RecommendViewController.m */; };
		E6E2B4211C2945BE003F2C4B /* SearchViewController.m in Sources */ = {isa = PBXBuildFile; fileRef = E6E2B4201C2945BE003F2C4B /* SearchViewController.m */; };
		E6E2B4251C294714003F2C4B /* AppDelegate.m in Sources */ = {isa = PBXBuildFile; fileRef = E6E2B4241C294714003F2C4B /* AppDelegate.m */; };
		E6E51D5C1C2BE29800DABA5D /* NSString+Extension.m in Sources */ = {isa = PBXBuildFile; fileRef = E6E51D5B1C2BE29800DABA5D /* NSString+Extension.m */; };
		EDE4EBA20E98E5C3B8D88A19 /* libPods.a in Frameworks */ = {isa = PBXBuildFile; fileRef = 339FE046F528EA539C511ED1 /* libPods.a */; };
/* End PBXBuildFile section */

/* Begin PBXContainerItemProxy section */
		E6E2B3C91C2942F5003F2C4B /* PBXContainerItemProxy */ = {
			isa = PBXContainerItemProxy;
			containerPortal = E6E2B3A71C2942F4003F2C4B /* Project object */;
			proxyType = 1;
			remoteGlobalIDString = E6E2B3AE1C2942F4003F2C4B;
			remoteInfo = DoubanWorlds;
		};
		E6E2B3D41C2942F5003F2C4B /* PBXContainerItemProxy */ = {
			isa = PBXContainerItemProxy;
			containerPortal = E6E2B3A71C2942F4003F2C4B /* Project object */;
			proxyType = 1;
			remoteGlobalIDString = E6E2B3AE1C2942F4003F2C4B;
			remoteInfo = DoubanWorlds;
		};
/* End PBXContainerItemProxy section */

/* Begin PBXFileReference section */
		339FE046F528EA539C511ED1 /* libPods.a */ = {isa = PBXFileReference; explicitFileType = archive.ar; includeInIndex = 0; path = libPods.a; sourceTree = BUILT_PRODUCTS_DIR; };
		45C275BF2A64F19DF9E13FE9 /* Pods.release.xcconfig */ = {isa = PBXFileReference; includeInIndex = 1; lastKnownFileType = text.xcconfig; name = Pods.release.xcconfig; path = "Pods/Target Support Files/Pods/Pods.release.xcconfig"; sourceTree = "<group>"; };
		7A78E1E9DF9917575AB4B510 /* Pods.debug.xcconfig */ = {isa = PBXFileReference; includeInIndex = 1; lastKnownFileType = text.xcconfig; name = Pods.debug.xcconfig; path = "Pods/Target Support Files/Pods/Pods.debug.xcconfig"; sourceTree = "<group>"; };
		E61146451C2CD25000CF0391 /* PickCityViewController.h */ = {isa = PBXFileReference; fileEncoding = 4; lastKnownFileType = sourcecode.c.h; path = PickCityViewController.h; sourceTree = "<group>"; };
		E61146461C2CD25000CF0391 /* PickCityViewController.m */ = {isa = PBXFileReference; fileEncoding = 4; lastKnownFileType = sourcecode.c.objc; path = PickCityViewController.m; sourceTree = "<group>"; };
		E61146481C2CD45900CF0391 /* inLandCityGroup.plist */ = {isa = PBXFileReference; fileEncoding = 4; lastKnownFileType = text.plist.xml; name = inLandCityGroup.plist; path = Resources/inLandCityGroup.plist; sourceTree = "<group>"; };
		E611464B1C2CD6C200CF0391 /* SectionHeaderView.h */ = {isa = PBXFileReference; fileEncoding = 4; lastKnownFileType = sourcecode.c.h; path = SectionHeaderView.h; sourceTree = "<group>"; };
		E611464C1C2CD6C200CF0391 /* SectionHeaderView.m */ = {isa = PBXFileReference; fileEncoding = 4; lastKnownFileType = sourcecode.c.objc; path = SectionHeaderView.m; sourceTree = "<group>"; };
		E61146521C2CE39600CF0391 /* CityIndexCell.h */ = {isa = PBXFileReference; fileEncoding = 4; lastKnownFileType = sourcecode.c.h; path = CityIndexCell.h; sourceTree = "<group>"; };
		E61146531C2CE39600CF0391 /* CityIndexCell.m */ = {isa = PBXFileReference; fileEncoding = 4; lastKnownFileType = sourcecode.c.objc; path = CityIndexCell.m; sourceTree = "<group>"; };
		E61146551C2CEA2800CF0391 /* LYCityHandler.h */ = {isa = PBXFileReference; fileEncoding = 4; lastKnownFileType = sourcecode.c.h; path = LYCityHandler.h; sourceTree = "<group>"; };
		E61146561C2CEA2800CF0391 /* LYCityHandler.m */ = {isa = PBXFileReference; fileEncoding = 4; lastKnownFileType = sourcecode.c.objc; path = LYCityHandler.m; sourceTree = "<group>"; };
		E61146581C2D15F400CF0391 /* YLYTableViewIndexView.h */ = {isa = PBXFileReference; fileEncoding = 4; lastKnownFileType = sourcecode.c.h; path = YLYTableViewIndexView.h; sourceTree = "<group>"; };
		E61146591C2D15F400CF0391 /* YLYTableViewIndexView.m */ = {isa = PBXFileReference; fileEncoding = 4; lastKnownFileType = sourcecode.c.objc; path = YLYTableViewIndexView.m; sourceTree = "<group>"; };
		E611465E1C2D1C3400CF0391 /* flotageBackgroud@2x.png */ = {isa = PBXFileReference; lastKnownFileType = image.png; path = "flotageBackgroud@2x.png"; sourceTree = "<group>"; };
		E61146601C2D220400CF0391 /* outLandCityGroup.plist */ = {isa = PBXFileReference; fileEncoding = 4; lastKnownFileType = text.plist.xml; path = outLandCityGroup.plist; sourceTree = "<group>"; };
		E61146621C2D2EE900CF0391 /* ChinaCityHeadView.h */ = {isa = PBXFileReference; fileEncoding = 4; lastKnownFileType = sourcecode.c.h; path = ChinaCityHeadView.h; sourceTree = "<group>"; };
		E61146631C2D2EE900CF0391 /* ChinaCityHeadView.m */ = {isa = PBXFileReference; fileEncoding = 4; lastKnownFileType = sourcecode.c.objc; path = ChinaCityHeadView.m; sourceTree = "<group>"; };
		E61146651C2D31AE00CF0391 /* HotCityModel.h */ = {isa = PBXFileReference; fileEncoding = 4; lastKnownFileType = sourcecode.c.h; path = HotCityModel.h; sourceTree = "<group>"; };
		E61146661C2D31AE00CF0391 /* HotCityModel.m */ = {isa = PBXFileReference; fileEncoding = 4; lastKnownFileType = sourcecode.c.objc; path = HotCityModel.m; sourceTree = "<group>"; };
		E611AA951C2A31D500A1107C /* tabbar_contacts@2x.png */ = {isa = PBXFileReference; lastKnownFileType = image.png; path = "tabbar_contacts@2x.png"; sourceTree = "<group>"; };
		E611AA961C2A31D500A1107C /* tabbar_contacts@3x.png */ = {isa = PBXFileReference; lastKnownFileType = image.png; path = "tabbar_contacts@3x.png"; sourceTree = "<group>"; };
		E611AA971C2A31D500A1107C /* tabbar_contactsHL@2x.png */ = {isa = PBXFileReference; lastKnownFileType = image.png; path = "tabbar_contactsHL@2x.png"; sourceTree = "<group>"; };
		E611AA981C2A31D500A1107C /* tabbar_contactsHL@3x.png */ = {isa = PBXFileReference; lastKnownFileType = image.png; path = "tabbar_contactsHL@3x.png"; sourceTree = "<group>"; };
		E611AA991C2A31D500A1107C /* tabbar_discover@2x.png */ = {isa = PBXFileReference; lastKnownFileType = image.png; path = "tabbar_discover@2x.png"; sourceTree = "<group>"; };
		E611AA9A1C2A31D500A1107C /* tabbar_discover@3x.png */ = {isa = PBXFileReference; lastKnownFileType = image.png; path = "tabbar_discover@3x.png"; sourceTree = "<group>"; };
		E611AA9B1C2A31D500A1107C /* tabbar_discoverHL@2x.png */ = {isa = PBXFileReference; lastKnownFileType = image.png; path = "tabbar_discoverHL@2x.png"; sourceTree = "<group>"; };
		E611AA9C1C2A31D500A1107C /* tabbar_discoverHL@3x.png */ = {isa = PBXFileReference; lastKnownFileType = image.png; path = "tabbar_discoverHL@3x.png"; sourceTree = "<group>"; };
		E611AA9D1C2A31D500A1107C /* tabbar_mainframe@2x.png */ = {isa = PBXFileReference; lastKnownFileType = image.png; path = "tabbar_mainframe@2x.png"; sourceTree = "<group>"; };
		E611AA9E1C2A31D500A1107C /* tabbar_mainframe@3x.png */ = {isa = PBXFileReference; lastKnownFileType = image.png; path = "tabbar_mainframe@3x.png"; sourceTree = "<group>"; };
		E611AA9F1C2A31D500A1107C /* tabbar_mainframeHL@2x.png */ = {isa = PBXFileReference; lastKnownFileType = image.png; path = "tabbar_mainframeHL@2x.png"; sourceTree = "<group>"; };
		E611AAA01C2A31D500A1107C /* tabbar_mainframeHL@3x.png */ = {isa = PBXFileReference; lastKnownFileType = image.png; path = "tabbar_mainframeHL@3x.png"; sourceTree = "<group>"; };
		E611AAA11C2A31D500A1107C /* tabbar_me@2x.png */ = {isa = PBXFileReference; lastKnownFileType = image.png; path = "tabbar_me@2x.png"; sourceTree = "<group>"; };
		E611AAA21C2A31D500A1107C /* tabbar_me@3x.png */ = {isa = PBXFileReference; lastKnownFileType = image.png; path = "tabbar_me@3x.png"; sourceTree = "<group>"; };
		E611AAA31C2A31D500A1107C /* tabbar_meHL@2x.png */ = {isa = PBXFileReference; lastKnownFileType = image.png; path = "tabbar_meHL@2x.png"; sourceTree = "<group>"; };
		E611AAA41C2A31D500A1107C /* tabbar_meHL@3x.png */ = {isa = PBXFileReference; lastKnownFileType = image.png; path = "tabbar_meHL@3x.png"; sourceTree = "<group>"; };
		E611AAC41C2A362D00A1107C /* LDRefreshFooterView.h */ = {isa = PBXFileReference; fileEncoding = 4; lastKnownFileType = sourcecode.c.h; path = LDRefreshFooterView.h; sourceTree = "<group>"; };
		E611AAC51C2A362D00A1107C /* LDRefreshFooterView.m */ = {isa = PBXFileReference; fileEncoding = 4; lastKnownFileType = sourcecode.c.objc; path = LDRefreshFooterView.m; sourceTree = "<group>"; };
		E611AAC61C2A362D00A1107C /* LDRefreshHeaderView.h */ = {isa = PBXFileReference; fileEncoding = 4; lastKnownFileType = sourcecode.c.h; path = LDRefreshHeaderView.h; sourceTree = "<group>"; };
		E611AAC71C2A362D00A1107C /* LDRefreshHeaderView.m */ = {isa = PBXFileReference; fileEncoding = 4; lastKnownFileType = sourcecode.c.objc; path = LDRefreshHeaderView.m; sourceTree = "<group>"; };
		E611AAC81C2A362D00A1107C /* tableview_pull_refresh@2x.png */ = {isa = PBXFileReference; lastKnownFileType = image.png; path = "tableview_pull_refresh@2x.png"; sourceTree = "<group>"; };
		E611AAC91C2A362D00A1107C /* tableview_pull_refresh@3x.png */ = {isa = PBXFileReference; lastKnownFileType = image.png; path = "tableview_pull_refresh@3x.png"; sourceTree = "<group>"; };
		E611AACA1C2A362D00A1107C /* UIScrollView+LDRefresh.h */ = {isa = PBXFileReference; fileEncoding = 4; lastKnownFileType = sourcecode.c.h; path = "UIScrollView+LDRefresh.h"; sourceTree = "<group>"; };
		E611AACB1C2A362D00A1107C /* UIScrollView+LDRefresh.m */ = {isa = PBXFileReference; fileEncoding = 4; lastKnownFileType = sourcecode.c.objc; path = "UIScrollView+LDRefresh.m"; sourceTree = "<group>"; };
		E611AAD11C2A370600A1107C /* LDRefresh.h */ = {isa = PBXFileReference; fileEncoding = 4; lastKnownFileType = sourcecode.c.h; path = LDRefresh.h; sourceTree = "<group>"; };
		E64A13BA1C2A7BF500AC0750 /* RecommendModel.h */ = {isa = PBXFileReference; fileEncoding = 4; lastKnownFileType = sourcecode.c.h; path = RecommendModel.h; sourceTree = "<group>"; };
		E64A13BB1C2A7BF500AC0750 /* RecommendModel.m */ = {isa = PBXFileReference; fileEncoding = 4; lastKnownFileType = sourcecode.c.objc; path = RecommendModel.m; sourceTree = "<group>"; };
		E64A13BD1C2A7D1B00AC0750 /* ActivityOwnerModel.h */ = {isa = PBXFileReference; fileEncoding = 4; lastKnownFileType = sourcecode.c.h; path = ActivityOwnerModel.h; sourceTree = "<group>"; };
		E64A13BE1C2A7D1B00AC0750 /* ActivityOwnerModel.m */ = {isa = PBXFileReference; fileEncoding = 4; lastKnownFileType = sourcecode.c.objc; path = ActivityOwnerModel.m; sourceTree = "<group>"; };
		E64A13C11C2A8BF700AC0750 /* HotActivityCell.h */ = {isa = PBXFileReference; fileEncoding = 4; lastKnownFileType = sourcecode.c.h; path = HotActivityCell.h; sourceTree = "<group>"; };
		E64A13C21C2A8BF700AC0750 /* HotActivityCell.m */ = {isa = PBXFileReference; fileEncoding = 4; lastKnownFileType = sourcecode.c.objc; path = HotActivityCell.m; sourceTree = "<group>"; };
		E64A13C41C2A918C00AC0750 /* AppTools.h */ = {isa = PBXFileReference; fileEncoding = 4; lastKnownFileType = sourcecode.c.h; path = AppTools.h; sourceTree = "<group>"; };
		E64A13C51C2A918C00AC0750 /* AppTools.m */ = {isa = PBXFileReference; fileEncoding = 4; lastKnownFileType = sourcecode.c.objc; path = AppTools.m; sourceTree = "<group>"; };
		E697A4781C2A3F7D0039A839 /* HttpTools.h */ = {isa = PBXFileReference; fileEncoding = 4; lastKnownFileType = sourcecode.c.h; path = HttpTools.h; sourceTree = "<group>"; };
		E697A4791C2A3F7D0039A839 /* HttpTools.m */ = {isa = PBXFileReference; fileEncoding = 4; lastKnownFileType = sourcecode.c.objc; path = HttpTools.m; sourceTree = "<group>"; };
		E697A47B1C2A3FA80039A839 /* RecommendHttpTool.h */ = {isa = PBXFileReference; fileEncoding = 4; lastKnownFileType = sourcecode.c.h; path = RecommendHttpTool.h; sourceTree = "<group>"; };
		E697A47C1C2A3FA80039A839 /* RecommendHttpTool.m */ = {isa = PBXFileReference; fileEncoding = 4; lastKnownFileType = sourcecode.c.objc; path = RecommendHttpTool.m; sourceTree = "<group>"; };
		E697A4811C2A72280039A839 /* SVIndefiniteAnimatedView.h */ = {isa = PBXFileReference; fileEncoding = 4; lastKnownFileType = sourcecode.c.h; path = SVIndefiniteAnimatedView.h; sourceTree = "<group>"; };
		E697A4821C2A72280039A839 /* SVIndefiniteAnimatedView.m */ = {isa = PBXFileReference; fileEncoding = 4; lastKnownFileType = sourcecode.c.objc; path = SVIndefiniteAnimatedView.m; sourceTree = "<group>"; };
		E697A4831C2A72280039A839 /* SVProgressHUD.bundle */ = {isa = PBXFileReference; lastKnownFileType = "wrapper.plug-in"; path = SVProgressHUD.bundle; sourceTree = "<group>"; };
		E697A4841C2A72280039A839 /* SVProgressHUD.h */ = {isa = PBXFileReference; fileEncoding = 4; lastKnownFileType = sourcecode.c.h; path = SVProgressHUD.h; sourceTree = "<group>"; };
		E697A4851C2A72280039A839 /* SVProgressHUD.m */ = {isa = PBXFileReference; fileEncoding = 4; lastKnownFileType = sourcecode.c.objc; path = SVProgressHUD.m; sourceTree = "<group>"; };
		E697A4861C2A72280039A839 /* SVProgressHUDManager.h */ = {isa = PBXFileReference; fileEncoding = 4; lastKnownFileType = sourcecode.c.h; path = SVProgressHUDManager.h; sourceTree = "<group>"; };
		E697A4871C2A72280039A839 /* SVProgressHUDManager.m */ = {isa = PBXFileReference; fileEncoding = 4; lastKnownFileType = sourcecode.c.objc; path = SVProgressHUDManager.m; sourceTree = "<group>"; };
		E697A4881C2A72280039A839 /* SVRadialGradientLayer.h */ = {isa = PBXFileReference; fileEncoding = 4; lastKnownFileType = sourcecode.c.h; path = SVRadialGradientLayer.h; sourceTree = "<group>"; };
		E697A4891C2A72280039A839 /* SVRadialGradientLayer.m */ = {isa = PBXFileReference; fileEncoding = 4; lastKnownFileType = sourcecode.c.objc; path = SVRadialGradientLayer.m; sourceTree = "<group>"; };
		E6E2B3AF1C2942F4003F2C4B /* DoubanWorlds.app */ = {isa = PBXFileReference; explicitFileType = wrapper.application; includeInIndex = 0; path = DoubanWorlds.app; sourceTree = BUILT_PRODUCTS_DIR; };
		E6E2B3B31C2942F4003F2C4B /* main.m */ = {isa = PBXFileReference; lastKnownFileType = sourcecode.c.objc; path = main.m; sourceTree = "<group>"; };
		E6E2B3BE1C2942F4003F2C4B /* Assets.xcassets */ = {isa = PBXFileReference; lastKnownFileType = folder.assetcatalog; name = Assets.xcassets; path = ../../Assets.xcassets; sourceTree = "<group>"; };
		E6E2B3C11C2942F4003F2C4B /* Base */ = {isa = PBXFileReference; lastKnownFileType = file.storyboard; name = Base; path = Base.lproj/LaunchScreen.storyboard; sourceTree = "<group>"; };
		E6E2B3C31C2942F4003F2C4B /* Info.plist */ = {isa = PBXFileReference; lastKnownFileType = text.plist.xml; name = Info.plist; path = ../../Info.plist; sourceTree = "<group>"; };
		E6E2B3C81C2942F5003F2C4B /* DoubanWorldsTests.xctest */ = {isa = PBXFileReference; explicitFileType = wrapper.cfbundle; includeInIndex = 0; path = DoubanWorldsTests.xctest; sourceTree = BUILT_PRODUCTS_DIR; };
		E6E2B3CC1C2942F5003F2C4B /* DoubanWorldsTests.m */ = {isa = PBXFileReference; lastKnownFileType = sourcecode.c.objc; path = DoubanWorldsTests.m; sourceTree = "<group>"; };
		E6E2B3CE1C2942F5003F2C4B /* Info.plist */ = {isa = PBXFileReference; lastKnownFileType = text.plist.xml; path = Info.plist; sourceTree = "<group>"; };
		E6E2B3D31C2942F5003F2C4B /* DoubanWorldsUITests.xctest */ = {isa = PBXFileReference; explicitFileType = wrapper.cfbundle; includeInIndex = 0; path = DoubanWorldsUITests.xctest; sourceTree = BUILT_PRODUCTS_DIR; };
		E6E2B3D71C2942F5003F2C4B /* DoubanWorldsUITests.m */ = {isa = PBXFileReference; lastKnownFileType = sourcecode.c.objc; path = DoubanWorldsUITests.m; sourceTree = "<group>"; };
		E6E2B3D91C2942F5003F2C4B /* Info.plist */ = {isa = PBXFileReference; lastKnownFileType = text.plist.xml; path = Info.plist; sourceTree = "<group>"; };
		E6E2B3F71C2943F5003F2C4B /* MainNavgationController.h */ = {isa = PBXFileReference; fileEncoding = 4; lastKnownFileType = sourcecode.c.h; path = MainNavgationController.h; sourceTree = "<group>"; };
		E6E2B3F81C2943F5003F2C4B /* MainNavgationController.m */ = {isa = PBXFileReference; fileEncoding = 4; lastKnownFileType = sourcecode.c.objc; path = MainNavgationController.m; sourceTree = "<group>"; };
		E6E2B3F91C2943F5003F2C4B /* MainTabbarController.h */ = {isa = PBXFileReference; fileEncoding = 4; lastKnownFileType = sourcecode.c.h; path = MainTabbarController.h; sourceTree = "<group>"; };
		E6E2B3FA1C2943F5003F2C4B /* MainTabbarController.m */ = {isa = PBXFileReference; fileEncoding = 4; lastKnownFileType = sourcecode.c.objc; path = MainTabbarController.m; sourceTree = "<group>"; };
		E6E2B4161C294582003F2C4B /* MeViewController.h */ = {isa = PBXFileReference; fileEncoding = 4; lastKnownFileType = sourcecode.c.h; path = MeViewController.h; sourceTree = "<group>"; };
		E6E2B4171C294582003F2C4B /* MeViewController.m */ = {isa = PBXFileReference; fileEncoding = 4; lastKnownFileType = sourcecode.c.objc; path = MeViewController.m; sourceTree = "<group>"; };
		E6E2B4191C294597003F2C4B /* NearbyViewController.h */ = {isa = PBXFileReference; fileEncoding = 4; lastKnownFileType = sourcecode.c.h; path = NearbyViewController.h; sourceTree = "<group>"; };
		E6E2B41A1C294597003F2C4B /* NearbyViewController.m */ = {isa = PBXFileReference; fileEncoding = 4; lastKnownFileType = sourcecode.c.objc; path = NearbyViewController.m; sourceTree = "<group>"; };
		E6E2B41C1C2945A3003F2C4B /* RecommendViewController.h */ = {isa = PBXFileReference; fileEncoding = 4; lastKnownFileType = sourcecode.c.h; path = RecommendViewController.h; sourceTree = "<group>"; };
		E6E2B41D1C2945A3003F2C4B /* RecommendViewController.m */ = {isa = PBXFileReference; fileEncoding = 4; lastKnownFileType = sourcecode.c.objc; path = RecommendViewController.m; sourceTree = "<group>"; };
		E6E2B41F1C2945BE003F2C4B /* SearchViewController.h */ = {isa = PBXFileReference; fileEncoding = 4; lastKnownFileType = sourcecode.c.h; path = SearchViewController.h; sourceTree = "<group>"; };
		E6E2B4201C2945BE003F2C4B /* SearchViewController.m */ = {isa = PBXFileReference; fileEncoding = 4; lastKnownFileType = sourcecode.c.objc; path = SearchViewController.m; sourceTree = "<group>"; };
		E6E2B4221C2946F5003F2C4B /* DoubanWorlds.pch */ = {isa = PBXFileReference; fileEncoding = 4; lastKnownFileType = sourcecode.c.h; path = DoubanWorlds.pch; sourceTree = "<group>"; };
		E6E2B4231C294714003F2C4B /* AppDelegate.h */ = {isa = PBXFileReference; fileEncoding = 4; lastKnownFileType = sourcecode.c.h; path = AppDelegate.h; sourceTree = "<group>"; };
		E6E2B4241C294714003F2C4B /* AppDelegate.m */ = {isa = PBXFileReference; fileEncoding = 4; lastKnownFileType = sourcecode.c.objc; path = AppDelegate.m; sourceTree = "<group>"; };
		E6E2B4271C2948AB003F2C4B /* CommenDefines.h */ = {isa = PBXFileReference; fileEncoding = 4; lastKnownFileType = sourcecode.c.h; path = CommenDefines.h; sourceTree = "<group>"; };
		E6E2B4281C2948AB003F2C4B /* URLDefines.h */ = {isa = PBXFileReference; fileEncoding = 4; lastKnownFileType = sourcecode.c.h; path = URLDefines.h; sourceTree = "<group>"; };
		E6E51D5A1C2BE29800DABA5D /* NSString+Extension.h */ = {isa = PBXFileReference; fileEncoding = 4; lastKnownFileType = sourcecode.c.h; path = "NSString+Extension.h"; sourceTree = "<group>"; };
		E6E51D5B1C2BE29800DABA5D /* NSString+Extension.m */ = {isa = PBXFileReference; fileEncoding = 4; lastKnownFileType = sourcecode.c.objc; path = "NSString+Extension.m"; sourceTree = "<group>"; };
/* End PBXFileReference section */

/* Begin PBXFrameworksBuildPhase section */
		E6E2B3AC1C2942F4003F2C4B /* Frameworks */ = {
			isa = PBXFrameworksBuildPhase;
			buildActionMask = 2147483647;
			files = (
				EDE4EBA20E98E5C3B8D88A19 /* libPods.a in Frameworks */,
			);
			runOnlyForDeploymentPostprocessing = 0;
		};
		E6E2B3C51C2942F5003F2C4B /* Frameworks */ = {
			isa = PBXFrameworksBuildPhase;
			buildActionMask = 2147483647;
			files = (
			);
			runOnlyForDeploymentPostprocessing = 0;
		};
		E6E2B3D01C2942F5003F2C4B /* Frameworks */ = {
			isa = PBXFrameworksBuildPhase;
			buildActionMask = 2147483647;
			files = (
			);
			runOnlyForDeploymentPostprocessing = 0;
		};
/* End PBXFrameworksBuildPhase section */

/* Begin PBXGroup section */
		B61A1810010B6B282DDFA086 /* Pods */ = {
			isa = PBXGroup;
			children = (
				7A78E1E9DF9917575AB4B510 /* Pods.debug.xcconfig */,
				45C275BF2A64F19DF9E13FE9 /* Pods.release.xcconfig */,
			);
			name = Pods;
			sourceTree = "<group>";
		};
		B803767AC7524182D4DF4BF4 /* Frameworks */ = {
			isa = PBXGroup;
			children = (
				339FE046F528EA539C511ED1 /* libPods.a */,
			);
			name = Frameworks;
			sourceTree = "<group>";
		};
		E611464A1C2CD6C200CF0391 /* PickViews */ = {
			isa = PBXGroup;
			children = (
				E61146581C2D15F400CF0391 /* YLYTableViewIndexView.h */,
				E61146591C2D15F400CF0391 /* YLYTableViewIndexView.m */,
				E611464B1C2CD6C200CF0391 /* SectionHeaderView.h */,
				E611464C1C2CD6C200CF0391 /* SectionHeaderView.m */,
				E61146521C2CE39600CF0391 /* CityIndexCell.h */,
				E61146531C2CE39600CF0391 /* CityIndexCell.m */,
				E61146621C2D2EE900CF0391 /* ChinaCityHeadView.h */,
				E61146631C2D2EE900CF0391 /* ChinaCityHeadView.m */,
			);
			path = PickViews;
			sourceTree = "<group>";
		};
		E611A09D1C2A315C00A1107C /* Resources */ = {
			isa = PBXGroup;
			children = (
				E611465E1C2D1C3400CF0391 /* flotageBackgroud@2x.png */,
				E611AA941C2A31D500A1107C /* tabbarIcons */,
			);
			path = Resources;
			sourceTree = "<group>";
		};
		E611AA941C2A31D500A1107C /* tabbarIcons */ = {
			isa = PBXGroup;
			children = (
				E611AA951C2A31D500A1107C /* tabbar_contacts@2x.png */,
				E611AA961C2A31D500A1107C /* tabbar_contacts@3x.png */,
				E611AA971C2A31D500A1107C /* tabbar_contactsHL@2x.png */,
				E611AA981C2A31D500A1107C /* tabbar_contactsHL@3x.png */,
				E611AA991C2A31D500A1107C /* tabbar_discover@2x.png */,
				E611AA9A1C2A31D500A1107C /* tabbar_discover@3x.png */,
				E611AA9B1C2A31D500A1107C /* tabbar_discoverHL@2x.png */,
				E611AA9C1C2A31D500A1107C /* tabbar_discoverHL@3x.png */,
				E611AA9D1C2A31D500A1107C /* tabbar_mainframe@2x.png */,
				E611AA9E1C2A31D500A1107C /* tabbar_mainframe@3x.png */,
				E611AA9F1C2A31D500A1107C /* tabbar_mainframeHL@2x.png */,
				E611AAA01C2A31D500A1107C /* tabbar_mainframeHL@3x.png */,
				E611AAA11C2A31D500A1107C /* tabbar_me@2x.png */,
				E611AAA21C2A31D500A1107C /* tabbar_me@3x.png */,
				E611AAA31C2A31D500A1107C /* tabbar_meHL@2x.png */,
				E611AAA41C2A31D500A1107C /* tabbar_meHL@3x.png */,
			);
			path = tabbarIcons;
			sourceTree = "<group>";
		};
		E611AAC31C2A362D00A1107C /* LDRefresh */ = {
			isa = PBXGroup;
			children = (
				E611AAC41C2A362D00A1107C /* LDRefreshFooterView.h */,
				E611AAC51C2A362D00A1107C /* LDRefreshFooterView.m */,
				E611AAC61C2A362D00A1107C /* LDRefreshHeaderView.h */,
				E611AAC71C2A362D00A1107C /* LDRefreshHeaderView.m */,
				E611AAC81C2A362D00A1107C /* tableview_pull_refresh@2x.png */,
				E611AAC91C2A362D00A1107C /* tableview_pull_refresh@3x.png */,
				E611AACA1C2A362D00A1107C /* UIScrollView+LDRefresh.h */,
				E611AACB1C2A362D00A1107C /* UIScrollView+LDRefresh.m */,
				E611AAD11C2A370600A1107C /* LDRefresh.h */,
			);
			path = LDRefresh;
			sourceTree = "<group>";
		};
		E64A13C01C2A884300AC0750 /* RecommendCells */ = {
			isa = PBXGroup;
			children = (
				E64A13C11C2A8BF700AC0750 /* HotActivityCell.h */,
				E64A13C21C2A8BF700AC0750 /* HotActivityCell.m */,
			);
			path = RecommendCells;
			sourceTree = "<group>";
		};
		E697A4801C2A72280039A839 /* SVProgressHUD */ = {
			isa = PBXGroup;
			children = (
				E697A4811C2A72280039A839 /* SVIndefiniteAnimatedView.h */,
				E697A4821C2A72280039A839 /* SVIndefiniteAnimatedView.m */,
				E697A4831C2A72280039A839 /* SVProgressHUD.bundle */,
				E697A4841C2A72280039A839 /* SVProgressHUD.h */,
				E697A4851C2A72280039A839 /* SVProgressHUD.m */,
				E697A4861C2A72280039A839 /* SVProgressHUDManager.h */,
				E697A4871C2A72280039A839 /* SVProgressHUDManager.m */,
				E697A4881C2A72280039A839 /* SVRadialGradientLayer.h */,
				E697A4891C2A72280039A839 /* SVRadialGradientLayer.m */,
			);
			path = SVProgressHUD;
			sourceTree = "<group>";
		};
		E6E2B3A61C2942F4003F2C4B = {
			isa = PBXGroup;
			children = (
				E6E2B3B11C2942F4003F2C4B /* DoubanWorlds */,
				E6E2B3CB1C2942F5003F2C4B /* DoubanWorldsTests */,
				E6E2B3D61C2942F5003F2C4B /* DoubanWorldsUITests */,
				E6E2B3B01C2942F4003F2C4B /* Products */,
				B61A1810010B6B282DDFA086 /* Pods */,
				B803767AC7524182D4DF4BF4 /* Frameworks */,
			);
			sourceTree = "<group>";
		};
		E6E2B3B01C2942F4003F2C4B /* Products */ = {
			isa = PBXGroup;
			children = (
				E6E2B3AF1C2942F4003F2C4B /* DoubanWorlds.app */,
				E6E2B3C81C2942F5003F2C4B /* DoubanWorldsTests.xctest */,
				E6E2B3D31C2942F5003F2C4B /* DoubanWorldsUITests.xctest */,
			);
			name = Products;
			sourceTree = "<group>";
		};
		E6E2B3B11C2942F4003F2C4B /* DoubanWorlds */ = {
			isa = PBXGroup;
			children = (
				E6E2B3F31C2943F5003F2C4B /* Classes */,
				E6E2B3FE1C2943F5003F2C4B /* FrameWorks */,
				E6E2B3B21C2942F4003F2C4B /* Supporting Files */,
			);
			path = DoubanWorlds;
			sourceTree = "<group>";
		};
		E6E2B3B21C2942F4003F2C4B /* Supporting Files */ = {
			isa = PBXGroup;
			children = (
				E6E2B3B31C2942F4003F2C4B /* main.m */,
			);
			name = "Supporting Files";
			sourceTree = "<group>";
		};
		E6E2B3CB1C2942F5003F2C4B /* DoubanWorldsTests */ = {
			isa = PBXGroup;
			children = (
				E6E2B3CC1C2942F5003F2C4B /* DoubanWorldsTests.m */,
				E6E2B3CE1C2942F5003F2C4B /* Info.plist */,
			);
			path = DoubanWorldsTests;
			sourceTree = "<group>";
		};
		E6E2B3D61C2942F5003F2C4B /* DoubanWorldsUITests */ = {
			isa = PBXGroup;
			children = (
				E6E2B3D71C2942F5003F2C4B /* DoubanWorldsUITests.m */,
				E6E2B3D91C2942F5003F2C4B /* Info.plist */,
			);
			path = DoubanWorldsUITests;
			sourceTree = "<group>";
		};
		E6E2B3F31C2943F5003F2C4B /* Classes */ = {
			isa = PBXGroup;
			children = (
				E6E2B4151C294514003F2C4B /* Other */,
				E6E2B4011C2944FE003F2C4B /* Me */,
				E6E2B4061C2944FE003F2C4B /* Nearby */,
				E6E2B40B1C2944FE003F2C4B /* Recommend(推荐) */,
				E6E2B4101C2944FE003F2C4B /* Search */,
				E6E2B3F41C2943F5003F2C4B /* Lib */,
				E6E2B3F51C2943F5003F2C4B /* Main */,
			);
			path = Classes;
			sourceTree = "<group>";
		};
		E6E2B3F41C2943F5003F2C4B /* Lib */ = {
			isa = PBXGroup;
			children = (
				E697A4801C2A72280039A839 /* SVProgressHUD */,
				E611AAC31C2A362D00A1107C /* LDRefresh */,
			);
			path = Lib;
			sourceTree = "<group>";
		};
		E6E2B3F51C2943F5003F2C4B /* Main */ = {
			isa = PBXGroup;
			children = (
				E6E2B3F61C2943F5003F2C4B /* Controller */,
				E6E2B3FB1C2943F5003F2C4B /* Model */,
				E6E2B3FC1C2943F5003F2C4B /* Tool */,
				E6E2B3FD1C2943F5003F2C4B /* View */,
			);
			path = Main;
			sourceTree = "<group>";
		};
		E6E2B3F61C2943F5003F2C4B /* Controller */ = {
			isa = PBXGroup;
			children = (
				E6E2B3F71C2943F5003F2C4B /* MainNavgationController.h */,
				E6E2B3F81C2943F5003F2C4B /* MainNavgationController.m */,
				E6E2B3F91C2943F5003F2C4B /* MainTabbarController.h */,
				E6E2B3FA1C2943F5003F2C4B /* MainTabbarController.m */,
			);
			path = Controller;
			sourceTree = "<group>";
		};
		E6E2B3FB1C2943F5003F2C4B /* Model */ = {
			isa = PBXGroup;
			children = (
			);
			path = Model;
			sourceTree = "<group>";
		};
		E6E2B3FC1C2943F5003F2C4B /* Tool */ = {
			isa = PBXGroup;
			children = (
				E697A4781C2A3F7D0039A839 /* HttpTools.h */,
				E697A4791C2A3F7D0039A839 /* HttpTools.m */,
				E64A13C41C2A918C00AC0750 /* AppTools.h */,
				E64A13C51C2A918C00AC0750 /* AppTools.m */,
			);
			path = Tool;
			sourceTree = "<group>";
		};
		E6E2B3FD1C2943F5003F2C4B /* View */ = {
			isa = PBXGroup;
			children = (
			);
			path = View;
			sourceTree = "<group>";
		};
		E6E2B3FE1C2943F5003F2C4B /* FrameWorks */ = {
			isa = PBXGroup;
			children = (
			);
			path = FrameWorks;
			sourceTree = "<group>";
		};
		E6E2B4011C2944FE003F2C4B /* Me */ = {
			isa = PBXGroup;
			children = (
				E6E2B4021C2944FE003F2C4B /* Controller */,
				E6E2B4031C2944FE003F2C4B /* Model */,
				E6E2B4041C2944FE003F2C4B /* Tool */,
				E6E2B4051C2944FE003F2C4B /* View */,
			);
			path = Me;
			sourceTree = "<group>";
		};
		E6E2B4021C2944FE003F2C4B /* Controller */ = {
			isa = PBXGroup;
			children = (
				E6E2B4161C294582003F2C4B /* MeViewController.h */,
				E6E2B4171C294582003F2C4B /* MeViewController.m */,
			);
			path = Controller;
			sourceTree = "<group>";
		};
		E6E2B4031C2944FE003F2C4B /* Model */ = {
			isa = PBXGroup;
			children = (
			);
			path = Model;
			sourceTree = "<group>";
		};
		E6E2B4041C2944FE003F2C4B /* Tool */ = {
			isa = PBXGroup;
			children = (
			);
			path = Tool;
			sourceTree = "<group>";
		};
		E6E2B4051C2944FE003F2C4B /* View */ = {
			isa = PBXGroup;
			children = (
			);
			path = View;
			sourceTree = "<group>";
		};
		E6E2B4061C2944FE003F2C4B /* Nearby */ = {
			isa = PBXGroup;
			children = (
				E6E2B4071C2944FE003F2C4B /* Controller */,
				E6E2B4081C2944FE003F2C4B /* Model */,
				E6E2B4091C2944FE003F2C4B /* Tool */,
				E6E2B40A1C2944FE003F2C4B /* View */,
			);
			path = Nearby;
			sourceTree = "<group>";
		};
		E6E2B4071C2944FE003F2C4B /* Controller */ = {
			isa = PBXGroup;
			children = (
				E6E2B4191C294597003F2C4B /* NearbyViewController.h */,
				E6E2B41A1C294597003F2C4B /* NearbyViewController.m */,
			);
			path = Controller;
			sourceTree = "<group>";
		};
		E6E2B4081C2944FE003F2C4B /* Model */ = {
			isa = PBXGroup;
			children = (
			);
			path = Model;
			sourceTree = "<group>";
		};
		E6E2B4091C2944FE003F2C4B /* Tool */ = {
			isa = PBXGroup;
			children = (
			);
			path = Tool;
			sourceTree = "<group>";
		};
		E6E2B40A1C2944FE003F2C4B /* View */ = {
			isa = PBXGroup;
			children = (
			);
			path = View;
			sourceTree = "<group>";
		};
		E6E2B40B1C2944FE003F2C4B /* Recommend(推荐) */ = {
			isa = PBXGroup;
			children = (
				E6E2B40C1C2944FE003F2C4B /* Controller */,
				E6E2B40D1C2944FE003F2C4B /* Model */,
				E6E2B40E1C2944FE003F2C4B /* Tool */,
				E6E2B40F1C2944FE003F2C4B /* View */,
			);
			name = "Recommend(推荐)";
			path = Recommend;
			sourceTree = "<group>";
		};
		E6E2B40C1C2944FE003F2C4B /* Controller */ = {
			isa = PBXGroup;
			children = (
				E6E2B41C1C2945A3003F2C4B /* RecommendViewController.h */,
				E6E2B41D1C2945A3003F2C4B /* RecommendViewController.m */,
				E61146451C2CD25000CF0391 /* PickCityViewController.h */,
				E61146461C2CD25000CF0391 /* PickCityViewController.m */,
			);
			path = Controller;
			sourceTree = "<group>";
		};
		E6E2B40D1C2944FE003F2C4B /* Model */ = {
			isa = PBXGroup;
			children = (
				E64A13BA1C2A7BF500AC0750 /* RecommendModel.h */,
				E64A13BB1C2A7BF500AC0750 /* RecommendModel.m */,
				E64A13BD1C2A7D1B00AC0750 /* ActivityOwnerModel.h */,
				E64A13BE1C2A7D1B00AC0750 /* ActivityOwnerModel.m */,
				E61146651C2D31AE00CF0391 /* HotCityModel.h */,
				E61146661C2D31AE00CF0391 /* HotCityModel.m */,
			);
			path = Model;
			sourceTree = "<group>";
		};
		E6E2B40E1C2944FE003F2C4B /* Tool */ = {
			isa = PBXGroup;
			children = (
				E697A47B1C2A3FA80039A839 /* RecommendHttpTool.h */,
				E697A47C1C2A3FA80039A839 /* RecommendHttpTool.m */,
				E61146551C2CEA2800CF0391 /* LYCityHandler.h */,
				E61146561C2CEA2800CF0391 /* LYCityHandler.m */,
			);
			path = Tool;
			sourceTree = "<group>";
		};
		E6E2B40F1C2944FE003F2C4B /* View */ = {
			isa = PBXGroup;
			children = (
				E611464A1C2CD6C200CF0391 /* PickViews */,
				E64A13C01C2A884300AC0750 /* RecommendCells */,
			);
			path = View;
			sourceTree = "<group>";
		};
		E6E2B4101C2944FE003F2C4B /* Search */ = {
			isa = PBXGroup;
			children = (
				E6E2B4111C2944FE003F2C4B /* Controller */,
				E6E2B4121C2944FE003F2C4B /* Model */,
				E6E2B4131C2944FE003F2C4B /* Tool */,
				E6E2B4141C2944FE003F2C4B /* View */,
			);
			path = Search;
			sourceTree = "<group>";
		};
		E6E2B4111C2944FE003F2C4B /* Controller */ = {
			isa = PBXGroup;
			children = (
				E6E2B41F1C2945BE003F2C4B /* SearchViewController.h */,
				E6E2B4201C2945BE003F2C4B /* SearchViewController.m */,
			);
			path = Controller;
			sourceTree = "<group>";
		};
		E6E2B4121C2944FE003F2C4B /* Model */ = {
			isa = PBXGroup;
			children = (
			);
			path = Model;
			sourceTree = "<group>";
		};
		E6E2B4131C2944FE003F2C4B /* Tool */ = {
			isa = PBXGroup;
			children = (
			);
			path = Tool;
			sourceTree = "<group>";
		};
		E6E2B4141C2944FE003F2C4B /* View */ = {
			isa = PBXGroup;
			children = (
			);
			path = View;
			sourceTree = "<group>";
		};
		E6E2B4151C294514003F2C4B /* Other */ = {
			isa = PBXGroup;
			children = (
				E61146601C2D220400CF0391 /* outLandCityGroup.plist */,
				E61146481C2CD45900CF0391 /* inLandCityGroup.plist */,
				E6E51D591C2BE29800DABA5D /* category */,
				E611A09D1C2A315C00A1107C /* Resources */,
				E6E2B4261C2948AB003F2C4B /* Defines */,
				E6E2B3BE1C2942F4003F2C4B /* Assets.xcassets */,
				E6E2B3C01C2942F4003F2C4B /* LaunchScreen.storyboard */,
				E6E2B3C31C2942F4003F2C4B /* Info.plist */,
				E6E2B4231C294714003F2C4B /* AppDelegate.h */,
				E6E2B4241C294714003F2C4B /* AppDelegate.m */,
				E6E2B4221C2946F5003F2C4B /* DoubanWorlds.pch */,
			);
			path = Other;
			sourceTree = "<group>";
		};
		E6E2B4261C2948AB003F2C4B /* Defines */ = {
			isa = PBXGroup;
			children = (
				E6E2B4271C2948AB003F2C4B /* CommenDefines.h */,
				E6E2B4281C2948AB003F2C4B /* URLDefines.h */,
			);
			path = Defines;
			sourceTree = "<group>";
		};
		E6E51D591C2BE29800DABA5D /* category */ = {
			isa = PBXGroup;
			children = (
				E6E51D5A1C2BE29800DABA5D /* NSString+Extension.h */,
				E6E51D5B1C2BE29800DABA5D /* NSString+Extension.m */,
			);
			path = category;
			sourceTree = "<group>";
		};
/* End PBXGroup section */

/* Begin PBXNativeTarget section */
		E6E2B3AE1C2942F4003F2C4B /* DoubanWorlds */ = {
			isa = PBXNativeTarget;
			buildConfigurationList = E6E2B3DC1C2942F5003F2C4B /* Build configuration list for PBXNativeTarget "DoubanWorlds" */;
			buildPhases = (
				DFD326A6CCF2434E0C18DD61 /* Check Pods Manifest.lock */,
				E6E2B3AB1C2942F4003F2C4B /* Sources */,
				E6E2B3AC1C2942F4003F2C4B /* Frameworks */,
				E6E2B3AD1C2942F4003F2C4B /* Resources */,
				30CF289CA2EE9CFE9D440B25 /* Embed Pods Frameworks */,
				8FD7BE1B02B45D5BE1FE46DC /* Copy Pods Resources */,
			);
			buildRules = (
			);
			dependencies = (
			);
			name = DoubanWorlds;
			productName = DoubanWorlds;
			productReference = E6E2B3AF1C2942F4003F2C4B /* DoubanWorlds.app */;
			productType = "com.apple.product-type.application";
		};
		E6E2B3C71C2942F5003F2C4B /* DoubanWorldsTests */ = {
			isa = PBXNativeTarget;
			buildConfigurationList = E6E2B3DF1C2942F5003F2C4B /* Build configuration list for PBXNativeTarget "DoubanWorldsTests" */;
			buildPhases = (
				E6E2B3C41C2942F5003F2C4B /* Sources */,
				E6E2B3C51C2942F5003F2C4B /* Frameworks */,
				E6E2B3C61C2942F5003F2C4B /* Resources */,
			);
			buildRules = (
			);
			dependencies = (
				E6E2B3CA1C2942F5003F2C4B /* PBXTargetDependency */,
			);
			name = DoubanWorldsTests;
			productName = DoubanWorldsTests;
			productReference = E6E2B3C81C2942F5003F2C4B /* DoubanWorldsTests.xctest */;
			productType = "com.apple.product-type.bundle.unit-test";
		};
		E6E2B3D21C2942F5003F2C4B /* DoubanWorldsUITests */ = {
			isa = PBXNativeTarget;
			buildConfigurationList = E6E2B3E21C2942F5003F2C4B /* Build configuration list for PBXNativeTarget "DoubanWorldsUITests" */;
			buildPhases = (
				E6E2B3CF1C2942F5003F2C4B /* Sources */,
				E6E2B3D01C2942F5003F2C4B /* Frameworks */,
				E6E2B3D11C2942F5003F2C4B /* Resources */,
			);
			buildRules = (
			);
			dependencies = (
				E6E2B3D51C2942F5003F2C4B /* PBXTargetDependency */,
			);
			name = DoubanWorldsUITests;
			productName = DoubanWorldsUITests;
			productReference = E6E2B3D31C2942F5003F2C4B /* DoubanWorldsUITests.xctest */;
			productType = "com.apple.product-type.bundle.ui-testing";
		};
/* End PBXNativeTarget section */

/* Begin PBXProject section */
		E6E2B3A71C2942F4003F2C4B /* Project object */ = {
			isa = PBXProject;
			attributes = {
				LastUpgradeCheck = 0720;
				ORGANIZATIONNAME = LYoung;
				TargetAttributes = {
					E6E2B3AE1C2942F4003F2C4B = {
						CreatedOnToolsVersion = 7.2;
					};
					E6E2B3C71C2942F5003F2C4B = {
						CreatedOnToolsVersion = 7.2;
						TestTargetID = E6E2B3AE1C2942F4003F2C4B;
					};
					E6E2B3D21C2942F5003F2C4B = {
						CreatedOnToolsVersion = 7.2;
						TestTargetID = E6E2B3AE1C2942F4003F2C4B;
					};
				};
			};
			buildConfigurationList = E6E2B3AA1C2942F4003F2C4B /* Build configuration list for PBXProject "DoubanWorlds" */;
			compatibilityVersion = "Xcode 3.2";
			developmentRegion = English;
			hasScannedForEncodings = 0;
			knownRegions = (
				en,
				Base,
			);
			mainGroup = E6E2B3A61C2942F4003F2C4B;
			productRefGroup = E6E2B3B01C2942F4003F2C4B /* Products */;
			projectDirPath = "";
			projectRoot = "";
			targets = (
				E6E2B3AE1C2942F4003F2C4B /* DoubanWorlds */,
				E6E2B3C71C2942F5003F2C4B /* DoubanWorldsTests */,
				E6E2B3D21C2942F5003F2C4B /* DoubanWorldsUITests */,
			);
		};
/* End PBXProject section */

/* Begin PBXResourcesBuildPhase section */
		E6E2B3AD1C2942F4003F2C4B /* Resources */ = {
			isa = PBXResourcesBuildPhase;
			buildActionMask = 2147483647;
			files = (
				E611AAAD1C2A31D500A1107C /* tabbar_mainframe@2x.png in Resources */,
				E611AAAC1C2A31D500A1107C /* tabbar_discoverHL@3x.png in Resources */,
				E611AAAF1C2A31D500A1107C /* tabbar_mainframeHL@2x.png in Resources */,
				E611AAA71C2A31D500A1107C /* tabbar_contactsHL@2x.png in Resources */,
				E611AAB01C2A31D500A1107C /* tabbar_mainframeHL@3x.png in Resources */,
				E611AAB41C2A31D500A1107C /* tabbar_meHL@3x.png in Resources */,
				E6E2B3C21C2942F4003F2C4B /* LaunchScreen.storyboard in Resources */,
				E61146491C2CD45900CF0391 /* inLandCityGroup.plist in Resources */,
				E6E2B3BF1C2942F4003F2C4B /* Assets.xcassets in Resources */,
				E611AACF1C2A362D00A1107C /* tableview_pull_refresh@3x.png in Resources */,
				E611AAA61C2A31D500A1107C /* tabbar_contacts@3x.png in Resources */,
				E611AAB11C2A31D500A1107C /* tabbar_me@2x.png in Resources */,
				E611AAA91C2A31D500A1107C /* tabbar_discover@2x.png in Resources */,
				E611AAAB1C2A31D500A1107C /* tabbar_discoverHL@2x.png in Resources */,
				E611AAB21C2A31D500A1107C /* tabbar_me@3x.png in Resources */,
				E611465F1C2D1C3400CF0391 /* flotageBackgroud@2x.png in Resources */,
				E611AAAE1C2A31D500A1107C /* tabbar_mainframe@3x.png in Resources */,
				E611AACE1C2A362D00A1107C /* tableview_pull_refresh@2x.png in Resources */,
				E611AAA81C2A31D500A1107C /* tabbar_contactsHL@3x.png in Resources */,
				E611AAAA1C2A31D500A1107C /* tabbar_discover@3x.png in Resources */,
				E611AAB31C2A31D500A1107C /* tabbar_meHL@2x.png in Resources */,
				E61146611C2D220400CF0391 /* outLandCityGroup.plist in Resources */,
				E611AAA51C2A31D500A1107C /* tabbar_contacts@2x.png in Resources */,
				E697A48B1C2A72280039A839 /* SVProgressHUD.bundle in Resources */,
			);
			runOnlyForDeploymentPostprocessing = 0;
		};
		E6E2B3C61C2942F5003F2C4B /* Resources */ = {
			isa = PBXResourcesBuildPhase;
			buildActionMask = 2147483647;
			files = (
			);
			runOnlyForDeploymentPostprocessing = 0;
		};
		E6E2B3D11C2942F5003F2C4B /* Resources */ = {
			isa = PBXResourcesBuildPhase;
			buildActionMask = 2147483647;
			files = (
			);
			runOnlyForDeploymentPostprocessing = 0;
		};
/* End PBXResourcesBuildPhase section */

/* Begin PBXShellScriptBuildPhase section */
		30CF289CA2EE9CFE9D440B25 /* Embed Pods Frameworks */ = {
			isa = PBXShellScriptBuildPhase;
			buildActionMask = 2147483647;
			files = (
			);
			inputPaths = (
			);
			name = "Embed Pods Frameworks";
			outputPaths = (
			);
			runOnlyForDeploymentPostprocessing = 0;
			shellPath = /bin/sh;
			shellScript = "\"${SRCROOT}/Pods/Target Support Files/Pods/Pods-frameworks.sh\"\n";
			showEnvVarsInLog = 0;
		};
		8FD7BE1B02B45D5BE1FE46DC /* Copy Pods Resources */ = {
			isa = PBXShellScriptBuildPhase;
			buildActionMask = 2147483647;
			files = (
			);
			inputPaths = (
			);
			name = "Copy Pods Resources";
			outputPaths = (
			);
			runOnlyForDeploymentPostprocessing = 0;
			shellPath = /bin/sh;
			shellScript = "\"${SRCROOT}/Pods/Target Support Files/Pods/Pods-resources.sh\"\n";
			showEnvVarsInLog = 0;
		};
		DFD326A6CCF2434E0C18DD61 /* Check Pods Manifest.lock */ = {
			isa = PBXShellScriptBuildPhase;
			buildActionMask = 2147483647;
			files = (
			);
			inputPaths = (
			);
			name = "Check Pods Manifest.lock";
			outputPaths = (
			);
			runOnlyForDeploymentPostprocessing = 0;
			shellPath = /bin/sh;
			shellScript = "diff \"${PODS_ROOT}/../Podfile.lock\" \"${PODS_ROOT}/Manifest.lock\" > /dev/null\nif [[ $? != 0 ]] ; then\n    cat << EOM\nerror: The sandbox is not in sync with the Podfile.lock. Run 'pod install' or update your CocoaPods installation.\nEOM\n    exit 1\nfi\n";
			showEnvVarsInLog = 0;
		};
/* End PBXShellScriptBuildPhase section */

/* Begin PBXSourcesBuildPhase section */
		E6E2B3AB1C2942F4003F2C4B /* Sources */ = {
			isa = PBXSourcesBuildPhase;
			buildActionMask = 2147483647;
			files = (
				E6E2B4181C294582003F2C4B /* MeViewController.m in Sources */,
				E6E2B3FF1C2943F5003F2C4B /* MainNavgationController.m in Sources */,
				E61146571C2CEA2800CF0391 /* LYCityHandler.m in Sources */,
				E697A48C1C2A72280039A839 /* SVProgressHUD.m in Sources */,
				E6E2B4211C2945BE003F2C4B /* SearchViewController.m in Sources */,
				E697A47A1C2A3F7D0039A839 /* HttpTools.m in Sources */,
				E6E51D5C1C2BE29800DABA5D /* NSString+Extension.m in Sources */,
				E64A13C61C2A918C00AC0750 /* AppTools.m in Sources */,
				E611464D1C2CD6C200CF0391 /* SectionHeaderView.m in Sources */,
				E611AAD01C2A362D00A1107C /* UIScrollView+LDRefresh.m in Sources */,
				E697A48A1C2A72280039A839 /* SVIndefiniteAnimatedView.m in Sources */,
				E6E2B3B41C2942F4003F2C4B /* main.m in Sources */,
				E61146541C2CE39600CF0391 /* CityIndexCell.m in Sources */,
				E64A13BC1C2A7BF500AC0750 /* RecommendModel.m in Sources */,
				E6E2B4251C294714003F2C4B /* AppDelegate.m in Sources */,
				E697A47D1C2A3FA80039A839 /* RecommendHttpTool.m in Sources */,
				E611AACD1C2A362D00A1107C /* LDRefreshHeaderView.m in Sources */,
				E697A48D1C2A72280039A839 /* SVProgressHUDManager.m in Sources */,
				E611465A1C2D15F400CF0391 /* YLYTableViewIndexView.m in Sources */,
				E61146641C2D2EE900CF0391 /* ChinaCityHeadView.m in Sources */,
				E697A48E1C2A72280039A839 /* SVRadialGradientLayer.m in Sources */,
				E6E2B41E1C2945A3003F2C4B /* RecommendViewController.m in Sources */,
				E611AACC1C2A362D00A1107C /* LDRefreshFooterView.m in Sources */,
				E64A13C31C2A8BF700AC0750 /* HotActivityCell.m in Sources */,
				E61146671C2D31AE00CF0391 /* HotCityModel.m in Sources */,
				E64A13BF1C2A7D1B00AC0750 /* ActivityOwnerModel.m in Sources */,
				E6E2B4001C2943F5003F2C4B /* MainTabbarController.m in Sources */,
				E6E2B41B1C294597003F2C4B /* NearbyViewController.m in Sources */,
				E61146471C2CD25000CF0391 /* PickCityViewController.m in Sources */,
			);
			runOnlyForDeploymentPostprocessing = 0;
		};
		E6E2B3C41C2942F5003F2C4B /* Sources */ = {
			isa = PBXSourcesBuildPhase;
			buildActionMask = 2147483647;
			files = (
				E6E2B3CD1C2942F5003F2C4B /* DoubanWorldsTests.m in Sources */,
			);
			runOnlyForDeploymentPostprocessing = 0;
		};
		E6E2B3CF1C2942F5003F2C4B /* Sources */ = {
			isa = PBXSourcesBuildPhase;
			buildActionMask = 2147483647;
			files = (
				E6E2B3D81C2942F5003F2C4B /* DoubanWorldsUITests.m in Sources */,
			);
			runOnlyForDeploymentPostprocessing = 0;
		};
/* End PBXSourcesBuildPhase section */

/* Begin PBXTargetDependency section */
		E6E2B3CA1C2942F5003F2C4B /* PBXTargetDependency */ = {
			isa = PBXTargetDependency;
			target = E6E2B3AE1C2942F4003F2C4B /* DoubanWorlds */;
			targetProxy = E6E2B3C91C2942F5003F2C4B /* PBXContainerItemProxy */;
		};
		E6E2B3D51C2942F5003F2C4B /* PBXTargetDependency */ = {
			isa = PBXTargetDependency;
			target = E6E2B3AE1C2942F4003F2C4B /* DoubanWorlds */;
			targetProxy = E6E2B3D41C2942F5003F2C4B /* PBXContainerItemProxy */;
		};
/* End PBXTargetDependency section */

/* Begin PBXVariantGroup section */
		E6E2B3C01C2942F4003F2C4B /* LaunchScreen.storyboard */ = {
			isa = PBXVariantGroup;
			children = (
				E6E2B3C11C2942F4003F2C4B /* Base */,
			);
			name = LaunchScreen.storyboard;
			path = ../..;
			sourceTree = "<group>";
		};
/* End PBXVariantGroup section */

/* Begin XCBuildConfiguration section */
		E6E2B3DA1C2942F5003F2C4B /* Debug */ = {
			isa = XCBuildConfiguration;
			buildSettings = {
				ALWAYS_SEARCH_USER_PATHS = NO;
				CLANG_CXX_LANGUAGE_STANDARD = "gnu++0x";
				CLANG_CXX_LIBRARY = "libc++";
				CLANG_ENABLE_MODULES = YES;
				CLANG_ENABLE_OBJC_ARC = YES;
				CLANG_WARN_BOOL_CONVERSION = YES;
				CLANG_WARN_CONSTANT_CONVERSION = YES;
				CLANG_WARN_DIRECT_OBJC_ISA_USAGE = YES_ERROR;
				CLANG_WARN_EMPTY_BODY = YES;
				CLANG_WARN_ENUM_CONVERSION = YES;
				CLANG_WARN_INT_CONVERSION = YES;
				CLANG_WARN_OBJC_ROOT_CLASS = YES_ERROR;
				CLANG_WARN_UNREACHABLE_CODE = YES;
				CLANG_WARN__DUPLICATE_METHOD_MATCH = YES;
				"CODE_SIGN_IDENTITY[sdk=iphoneos*]" = "iPhone Developer";
				COPY_PHASE_STRIP = NO;
				DEBUG_INFORMATION_FORMAT = dwarf;
				ENABLE_STRICT_OBJC_MSGSEND = YES;
				ENABLE_TESTABILITY = YES;
				GCC_C_LANGUAGE_STANDARD = gnu99;
				GCC_DYNAMIC_NO_PIC = NO;
				GCC_NO_COMMON_BLOCKS = YES;
				GCC_OPTIMIZATION_LEVEL = 0;
				GCC_PREPROCESSOR_DEFINITIONS = (
					"DEBUG=1",
					"$(inherited)",
				);
				GCC_WARN_64_TO_32_BIT_CONVERSION = YES;
				GCC_WARN_ABOUT_RETURN_TYPE = YES_ERROR;
				GCC_WARN_UNDECLARED_SELECTOR = YES;
				GCC_WARN_UNINITIALIZED_AUTOS = YES_AGGRESSIVE;
				GCC_WARN_UNUSED_FUNCTION = YES;
				GCC_WARN_UNUSED_VARIABLE = YES;
				IPHONEOS_DEPLOYMENT_TARGET = 9.2;
				MTL_ENABLE_DEBUG_INFO = YES;
				ONLY_ACTIVE_ARCH = YES;
				SDKROOT = iphoneos;
			};
			name = Debug;
		};
		E6E2B3DB1C2942F5003F2C4B /* Release */ = {
			isa = XCBuildConfiguration;
			buildSettings = {
				ALWAYS_SEARCH_USER_PATHS = NO;
				CLANG_CXX_LANGUAGE_STANDARD = "gnu++0x";
				CLANG_CXX_LIBRARY = "libc++";
				CLANG_ENABLE_MODULES = YES;
				CLANG_ENABLE_OBJC_ARC = YES;
				CLANG_WARN_BOOL_CONVERSION = YES;
				CLANG_WARN_CONSTANT_CONVERSION = YES;
				CLANG_WARN_DIRECT_OBJC_ISA_USAGE = YES_ERROR;
				CLANG_WARN_EMPTY_BODY = YES;
				CLANG_WARN_ENUM_CONVERSION = YES;
				CLANG_WARN_INT_CONVERSION = YES;
				CLANG_WARN_OBJC_ROOT_CLASS = YES_ERROR;
				CLANG_WARN_UNREACHABLE_CODE = YES;
				CLANG_WARN__DUPLICATE_METHOD_MATCH = YES;
				"CODE_SIGN_IDENTITY[sdk=iphoneos*]" = "iPhone Developer";
				COPY_PHASE_STRIP = NO;
				DEBUG_INFORMATION_FORMAT = "dwarf-with-dsym";
				ENABLE_NS_ASSERTIONS = NO;
				ENABLE_STRICT_OBJC_MSGSEND = YES;
				GCC_C_LANGUAGE_STANDARD = gnu99;
				GCC_NO_COMMON_BLOCKS = YES;
				GCC_WARN_64_TO_32_BIT_CONVERSION = YES;
				GCC_WARN_ABOUT_RETURN_TYPE = YES_ERROR;
				GCC_WARN_UNDECLARED_SELECTOR = YES;
				GCC_WARN_UNINITIALIZED_AUTOS = YES_AGGRESSIVE;
				GCC_WARN_UNUSED_FUNCTION = YES;
				GCC_WARN_UNUSED_VARIABLE = YES;
				IPHONEOS_DEPLOYMENT_TARGET = 9.2;
				MTL_ENABLE_DEBUG_INFO = NO;
				SDKROOT = iphoneos;
				VALIDATE_PRODUCT = YES;
			};
			name = Release;
		};
		E6E2B3DD1C2942F5003F2C4B /* Debug */ = {
			isa = XCBuildConfiguration;
			baseConfigurationReference = 7A78E1E9DF9917575AB4B510 /* Pods.debug.xcconfig */;
			buildSettings = {
				ASSETCATALOG_COMPILER_APPICON_NAME = AppIcon;
				GCC_PREFIX_HEADER = "$(SRCROOT)/DoubanWorlds/Classes/Other/DoubanWorlds.pch";
				INFOPLIST_FILE = DoubanWorlds/Info.plist;
				IPHONEOS_DEPLOYMENT_TARGET = 7.1;
				LD_RUNPATH_SEARCH_PATHS = "$(inherited) @executable_path/Frameworks";
				PRODUCT_BUNDLE_IDENTIFIER = LYoung.DoubanWorlds;
				PRODUCT_NAME = "$(TARGET_NAME)";
			};
			name = Debug;
		};
		E6E2B3DE1C2942F5003F2C4B /* Release */ = {
			isa = XCBuildConfiguration;
			baseConfigurationReference = 45C275BF2A64F19DF9E13FE9 /* Pods.release.xcconfig */;
			buildSettings = {
				ASSETCATALOG_COMPILER_APPICON_NAME = AppIcon;
				GCC_PREFIX_HEADER = "$(SRCROOT)/DoubanWorlds/Classes/Other/DoubanWorlds.pch";
				INFOPLIST_FILE = DoubanWorlds/Info.plist;
				IPHONEOS_DEPLOYMENT_TARGET = 7.1;
				LD_RUNPATH_SEARCH_PATHS = "$(inherited) @executable_path/Frameworks";
				PRODUCT_BUNDLE_IDENTIFIER = LYoung.DoubanWorlds;
				PRODUCT_NAME = "$(TARGET_NAME)";
			};
			name = Release;
		};
		E6E2B3E01C2942F5003F2C4B /* Debug */ = {
			isa = XCBuildConfiguration;
			buildSettings = {
				BUNDLE_LOADER = "$(TEST_HOST)";
				INFOPLIST_FILE = DoubanWorldsTests/Info.plist;
				LD_RUNPATH_SEARCH_PATHS = "$(inherited) @executable_path/Frameworks @loader_path/Frameworks";
				PRODUCT_BUNDLE_IDENTIFIER = LYoung.DoubanWorldsTests;
				PRODUCT_NAME = "$(TARGET_NAME)";
				TEST_HOST = "$(BUILT_PRODUCTS_DIR)/DoubanWorlds.app/DoubanWorlds";
			};
			name = Debug;
		};
		E6E2B3E11C2942F5003F2C4B /* Release */ = {
			isa = XCBuildConfiguration;
			buildSettings = {
				BUNDLE_LOADER = "$(TEST_HOST)";
				INFOPLIST_FILE = DoubanWorldsTests/Info.plist;
				LD_RUNPATH_SEARCH_PATHS = "$(inherited) @executable_path/Frameworks @loader_path/Frameworks";
				PRODUCT_BUNDLE_IDENTIFIER = LYoung.DoubanWorldsTests;
				PRODUCT_NAME = "$(TARGET_NAME)";
				TEST_HOST = "$(BUILT_PRODUCTS_DIR)/DoubanWorlds.app/DoubanWorlds";
			};
			name = Release;
		};
		E6E2B3E31C2942F5003F2C4B /* Debug */ = {
			isa = XCBuildConfiguration;
			buildSettings = {
				INFOPLIST_FILE = DoubanWorldsUITests/Info.plist;
				LD_RUNPATH_SEARCH_PATHS = "$(inherited) @executable_path/Frameworks @loader_path/Frameworks";
				PRODUCT_BUNDLE_IDENTIFIER = LYoung.DoubanWorldsUITests;
				PRODUCT_NAME = "$(TARGET_NAME)";
				TEST_TARGET_NAME = DoubanWorlds;
				USES_XCTRUNNER = YES;
			};
			name = Debug;
		};
		E6E2B3E41C2942F5003F2C4B /* Release */ = {
			isa = XCBuildConfiguration;
			buildSettings = {
				INFOPLIST_FILE = DoubanWorldsUITests/Info.plist;
				LD_RUNPATH_SEARCH_PATHS = "$(inherited) @executable_path/Frameworks @loader_path/Frameworks";
				PRODUCT_BUNDLE_IDENTIFIER = LYoung.DoubanWorldsUITests;
				PRODUCT_NAME = "$(TARGET_NAME)";
				TEST_TARGET_NAME = DoubanWorlds;
				USES_XCTRUNNER = YES;
			};
			name = Release;
		};
/* End XCBuildConfiguration section */

/* Begin XCConfigurationList section */
		E6E2B3AA1C2942F4003F2C4B /* Build configuration list for PBXProject "DoubanWorlds" */ = {
			isa = XCConfigurationList;
			buildConfigurations = (
				E6E2B3DA1C2942F5003F2C4B /* Debug */,
				E6E2B3DB1C2942F5003F2C4B /* Release */,
			);
			defaultConfigurationIsVisible = 0;
			defaultConfigurationName = Release;
		};
		E6E2B3DC1C2942F5003F2C4B /* Build configuration list for PBXNativeTarget "DoubanWorlds" */ = {
			isa = XCConfigurationList;
			buildConfigurations = (
				E6E2B3DD1C2942F5003F2C4B /* Debug */,
				E6E2B3DE1C2942F5003F2C4B /* Release */,
			);
			defaultConfigurationIsVisible = 0;
			defaultConfigurationName = Release;
		};
		E6E2B3DF1C2942F5003F2C4B /* Build configuration list for PBXNativeTarget "DoubanWorldsTests" */ = {
			isa = XCConfigurationList;
			buildConfigurations = (
				E6E2B3E01C2942F5003F2C4B /* Debug */,
				E6E2B3E11C2942F5003F2C4B /* Release */,
			);
			defaultConfigurationIsVisible = 0;
			defaultConfigurationName = Release;
		};
		E6E2B3E21C2942F5003F2C4B /* Build configuration list for PBXNativeTarget "DoubanWorldsUITests" */ = {
			isa = XCConfigurationList;
			buildConfigurations = (
				E6E2B3E31C2942F5003F2C4B /* Debug */,
				E6E2B3E41C2942F5003F2C4B /* Release */,
			);
			defaultConfigurationIsVisible = 0;
			defaultConfigurationName = Release;
		};
/* End XCConfigurationList section */
	};
	rootObject = E6E2B3A71C2942F4003F2C4B /* Project object */;
}
